// !$*UTF8*$!
{
	archiveVersion = 1;
	classes = {
	};
	objectVersion = 56;
	objects = {

/* Begin PBXBuildFile section */
		0B2B80A1290BF8DD00BCF031 /* Graph_AdjacencyMatrix+Invariants.swift in Sources */ = {isa = PBXBuildFile; fileRef = 0B2B80A0290BF8DD00BCF031 /* Graph_AdjacencyMatrix+Invariants.swift */; };
		0B2B80A3290C016D00BCF031 /* Graph_AdjacencyList+CustomStringConvertable.swift in Sources */ = {isa = PBXBuildFile; fileRef = 0B2B80A2290C016D00BCF031 /* Graph_AdjacencyList+CustomStringConvertable.swift */; };
		0B2B80A5290C018F00BCF031 /* Graph_AdjacencyMatrix+CustomStringConvertable.swift in Sources */ = {isa = PBXBuildFile; fileRef = 0B2B80A4290C018F00BCF031 /* Graph_AdjacencyMatrix+CustomStringConvertable.swift */; };
		0B2B80A7290C01AC00BCF031 /* Graph_AdjacencyList+CopyOnWrite.swift in Sources */ = {isa = PBXBuildFile; fileRef = 0B2B80A6290C01AC00BCF031 /* Graph_AdjacencyList+CopyOnWrite.swift */; };
		0B2B80A9290C01C200BCF031 /* Graph_AdjacencyMatrix+CopyOnWrite.swift in Sources */ = {isa = PBXBuildFile; fileRef = 0B2B80A8290C01C200BCF031 /* Graph_AdjacencyMatrix+CopyOnWrite.swift */; };
		0B2B80AD290C030A00BCF031 /* Graph(Protocol)+Traversal.swift in Sources */ = {isa = PBXBuildFile; fileRef = 0B2B80AC290C030A00BCF031 /* Graph(Protocol)+Traversal.swift */; };
		0B2B80B0290C1B3D00BCF031 /* Queue.framework in Frameworks */ = {isa = PBXBuildFile; fileRef = 0B2B80AF290C1B3D00BCF031 /* Queue.framework */; };
		0B2B80B7290C284500BCF031 /* Graph(Protocol)+Dijkstra.swift in Sources */ = {isa = PBXBuildFile; fileRef = 0B2B80B6290C284500BCF031 /* Graph(Protocol)+Dijkstra.swift */; };
		0B2B80B9290C285200BCF031 /* Graph(Protocol)+Prim.swift in Sources */ = {isa = PBXBuildFile; fileRef = 0B2B80B8290C285200BCF031 /* Graph(Protocol)+Prim.swift */; };
		0B2B80F8290D704000BCF031 /* PriorityQueue.framework in Frameworks */ = {isa = PBXBuildFile; fileRef = 0B2B80F7290D704000BCF031 /* PriorityQueue.framework */; };
		0B42EDDD2916AB4C00E03B8A /* Graph_AdjacencyList._Storage.swift in Sources */ = {isa = PBXBuildFile; fileRef = 0B42EDDC2916AB4C00E03B8A /* Graph_AdjacencyList._Storage.swift */; };
		0B42EDDF2916AC4E00E03B8A /* Graph_AdjacencyMatrix._Storage.swift in Sources */ = {isa = PBXBuildFile; fileRef = 0B42EDDE2916AC4E00E03B8A /* Graph_AdjacencyMatrix._Storage.swift */; };
		0B5C5FBF290AE2800069F765 /* Graph.h in Headers */ = {isa = PBXBuildFile; fileRef = 0B5C5FBE290AE2800069F765 /* Graph.h */; settings = {ATTRIBUTES = (Public, ); }; };
		0B5C5FCC290B8AB00069F765 /* _GraphVertexProtocol(Protocol).swift in Sources */ = {isa = PBXBuildFile; fileRef = 0B5C5FCB290B8AB00069F765 /* _GraphVertexProtocol(Protocol).swift */; };
		0B5C5FCE290B8AB90069F765 /* GraphEdge.swift in Sources */ = {isa = PBXBuildFile; fileRef = 0B5C5FCD290B8AB90069F765 /* GraphEdge.swift */; };
		0B5C5FD0290B8AD40069F765 /* Graph(Protocol).swift in Sources */ = {isa = PBXBuildFile; fileRef = 0B5C5FCF290B8AD40069F765 /* Graph(Protocol).swift */; };
		0B5C5FD3290B8B050069F765 /* Graph_AdjacencyList.swift in Sources */ = {isa = PBXBuildFile; fileRef = 0B5C5FD2290B8B050069F765 /* Graph_AdjacencyList.swift */; };
		0B5C5FD5290B8B140069F765 /* Graph_AdjacencyMatrix.swift in Sources */ = {isa = PBXBuildFile; fileRef = 0B5C5FD4290B8B140069F765 /* Graph_AdjacencyMatrix.swift */; };
		0B5C5FDD290BC6540069F765 /* Graph(Protocol)+Utils.swift in Sources */ = {isa = PBXBuildFile; fileRef = 0B5C5FDC290BC6540069F765 /* Graph(Protocol)+Utils.swift */; };
		0B5C5FDF290BC6E60069F765 /* Graph_AdjacencyList._Vertex.swift in Sources */ = {isa = PBXBuildFile; fileRef = 0B5C5FDE290BC6E60069F765 /* Graph_AdjacencyList._Vertex.swift */; };
		0B5C5FE5290BE1C50069F765 /* Graph_AdjacencyMatrix._Vertex.swift in Sources */ = {isa = PBXBuildFile; fileRef = 0B5C5FE4290BE1C50069F765 /* Graph_AdjacencyMatrix._Vertex.swift */; };
		0B5C5FEB290BE7400069F765 /* Graph_AdjacencyList.Vertex.swift in Sources */ = {isa = PBXBuildFile; fileRef = 0B5C5FEA290BE7400069F765 /* Graph_AdjacencyList.Vertex.swift */; };
		0B5C5FED290BE7DE0069F765 /* Graph_AdjacencyMatrix.Vertex.swift in Sources */ = {isa = PBXBuildFile; fileRef = 0B5C5FEC290BE7DE0069F765 /* Graph_AdjacencyMatrix.Vertex.swift */; };
/* End PBXBuildFile section */

/* Begin PBXFileReference section */
		0B2B80A0290BF8DD00BCF031 /* Graph_AdjacencyMatrix+Invariants.swift */ = {isa = PBXFileReference; lastKnownFileType = sourcecode.swift; path = "Graph_AdjacencyMatrix+Invariants.swift"; sourceTree = "<group>"; };
		0B2B80A2290C016D00BCF031 /* Graph_AdjacencyList+CustomStringConvertable.swift */ = {isa = PBXFileReference; lastKnownFileType = sourcecode.swift; path = "Graph_AdjacencyList+CustomStringConvertable.swift"; sourceTree = "<group>"; };
		0B2B80A4290C018F00BCF031 /* Graph_AdjacencyMatrix+CustomStringConvertable.swift */ = {isa = PBXFileReference; lastKnownFileType = sourcecode.swift; path = "Graph_AdjacencyMatrix+CustomStringConvertable.swift"; sourceTree = "<group>"; };
		0B2B80A6290C01AC00BCF031 /* Graph_AdjacencyList+CopyOnWrite.swift */ = {isa = PBXFileReference; lastKnownFileType = sourcecode.swift; path = "Graph_AdjacencyList+CopyOnWrite.swift"; sourceTree = "<group>"; };
		0B2B80A8290C01C200BCF031 /* Graph_AdjacencyMatrix+CopyOnWrite.swift */ = {isa = PBXFileReference; lastKnownFileType = sourcecode.swift; path = "Graph_AdjacencyMatrix+CopyOnWrite.swift"; sourceTree = "<group>"; };
		0B2B80AC290C030A00BCF031 /* Graph(Protocol)+Traversal.swift */ = {isa = PBXFileReference; lastKnownFileType = sourcecode.swift; path = "Graph(Protocol)+Traversal.swift"; sourceTree = "<group>"; };
		0B2B80AF290C1B3D00BCF031 /* Queue.framework */ = {isa = PBXFileReference; explicitFileType = wrapper.framework; path = Queue.framework; sourceTree = BUILT_PRODUCTS_DIR; };
		0B2B80B6290C284500BCF031 /* Graph(Protocol)+Dijkstra.swift */ = {isa = PBXFileReference; lastKnownFileType = sourcecode.swift; path = "Graph(Protocol)+Dijkstra.swift"; sourceTree = "<group>"; };
		0B2B80B8290C285200BCF031 /* Graph(Protocol)+Prim.swift */ = {isa = PBXFileReference; lastKnownFileType = sourcecode.swift; path = "Graph(Protocol)+Prim.swift"; sourceTree = "<group>"; };
		0B2B80F7290D704000BCF031 /* PriorityQueue.framework */ = {isa = PBXFileReference; explicitFileType = wrapper.framework; path = PriorityQueue.framework; sourceTree = BUILT_PRODUCTS_DIR; };
		0B42EDDC2916AB4C00E03B8A /* Graph_AdjacencyList._Storage.swift */ = {isa = PBXFileReference; lastKnownFileType = sourcecode.swift; path = Graph_AdjacencyList._Storage.swift; sourceTree = "<group>"; };
		0B42EDDE2916AC4E00E03B8A /* Graph_AdjacencyMatrix._Storage.swift */ = {isa = PBXFileReference; lastKnownFileType = sourcecode.swift; path = Graph_AdjacencyMatrix._Storage.swift; sourceTree = "<group>"; };
		0B5C5FBB290AE2800069F765 /* Graph.framework */ = {isa = PBXFileReference; explicitFileType = wrapper.framework; includeInIndex = 0; path = Graph.framework; sourceTree = BUILT_PRODUCTS_DIR; };
		0B5C5FBE290AE2800069F765 /* Graph.h */ = {isa = PBXFileReference; lastKnownFileType = sourcecode.c.h; path = Graph.h; sourceTree = "<group>"; };
		0B5C5FCB290B8AB00069F765 /* _GraphVertexProtocol(Protocol).swift */ = {isa = PBXFileReference; lastKnownFileType = sourcecode.swift; path = "_GraphVertexProtocol(Protocol).swift"; sourceTree = "<group>"; };
		0B5C5FCD290B8AB90069F765 /* GraphEdge.swift */ = {isa = PBXFileReference; lastKnownFileType = sourcecode.swift; path = GraphEdge.swift; sourceTree = "<group>"; };
		0B5C5FCF290B8AD40069F765 /* Graph(Protocol).swift */ = {isa = PBXFileReference; lastKnownFileType = sourcecode.swift; path = "Graph(Protocol).swift"; sourceTree = "<group>"; };
		0B5C5FD2290B8B050069F765 /* Graph_AdjacencyList.swift */ = {isa = PBXFileReference; lastKnownFileType = sourcecode.swift; path = Graph_AdjacencyList.swift; sourceTree = "<group>"; };
		0B5C5FD4290B8B140069F765 /* Graph_AdjacencyMatrix.swift */ = {isa = PBXFileReference; lastKnownFileType = sourcecode.swift; path = Graph_AdjacencyMatrix.swift; sourceTree = "<group>"; };
		0B5C5FDC290BC6540069F765 /* Graph(Protocol)+Utils.swift */ = {isa = PBXFileReference; lastKnownFileType = sourcecode.swift; path = "Graph(Protocol)+Utils.swift"; sourceTree = "<group>"; };
		0B5C5FDE290BC6E60069F765 /* Graph_AdjacencyList._Vertex.swift */ = {isa = PBXFileReference; lastKnownFileType = sourcecode.swift; path = Graph_AdjacencyList._Vertex.swift; sourceTree = "<group>"; };
		0B5C5FE4290BE1C50069F765 /* Graph_AdjacencyMatrix._Vertex.swift */ = {isa = PBXFileReference; lastKnownFileType = sourcecode.swift; path = Graph_AdjacencyMatrix._Vertex.swift; sourceTree = "<group>"; };
		0B5C5FEA290BE7400069F765 /* Graph_AdjacencyList.Vertex.swift */ = {isa = PBXFileReference; lastKnownFileType = sourcecode.swift; path = Graph_AdjacencyList.Vertex.swift; sourceTree = "<group>"; };
		0B5C5FEC290BE7DE0069F765 /* Graph_AdjacencyMatrix.Vertex.swift */ = {isa = PBXFileReference; lastKnownFileType = sourcecode.swift; path = Graph_AdjacencyMatrix.Vertex.swift; sourceTree = "<group>"; };
/* End PBXFileReference section */

/* Begin PBXFrameworksBuildPhase section */
		0B5C5FB8290AE2800069F765 /* Frameworks */ = {
			isa = PBXFrameworksBuildPhase;
			buildActionMask = 2147483647;
			files = (
				0B2B80F8290D704000BCF031 /* PriorityQueue.framework in Frameworks */,
				0B2B80B0290C1B3D00BCF031 /* Queue.framework in Frameworks */,
			);
			runOnlyForDeploymentPostprocessing = 0;
		};
/* End PBXFrameworksBuildPhase section */

/* Begin PBXGroup section */
		0B2B80AE290C1B3D00BCF031 /* Frameworks */ = {
			isa = PBXGroup;
			children = (
				0B2B80F7290D704000BCF031 /* PriorityQueue.framework */,
				0B2B80AF290C1B3D00BCF031 /* Queue.framework */,
			);
			name = Frameworks;
			sourceTree = "<group>";
		};
		0B5C5FB1290AE2800069F765 = {
			isa = PBXGroup;
			children = (
				0B5C5FBD290AE2800069F765 /* Graph */,
				0B5C5FBC290AE2800069F765 /* Products */,
				0B2B80AE290C1B3D00BCF031 /* Frameworks */,
			);
			sourceTree = "<group>";
		};
		0B5C5FBC290AE2800069F765 /* Products */ = {
			isa = PBXGroup;
			children = (
				0B5C5FBB290AE2800069F765 /* Graph.framework */,
			);
			name = Products;
			sourceTree = "<group>";
		};
		0B5C5FBD290AE2800069F765 /* Graph */ = {
			isa = PBXGroup;
			children = (
				0B5C5FBE290AE2800069F765 /* Graph.h */,
				0BA76349292681900080BF75 /* Public */,
				0BA7634A292681990080BF75 /* Internal */,
			);
			path = Graph;
			sourceTree = "<group>";
		};
		0B5C5FDA290BC5AA0069F765 /* Graph_AdjacencyList */ = {
			isa = PBXGroup;
			children = (
				0B42EDDC2916AB4C00E03B8A /* Graph_AdjacencyList._Storage.swift */,
				0B5C5FDE290BC6E60069F765 /* Graph_AdjacencyList._Vertex.swift */,
				0B2B80A6290C01AC00BCF031 /* Graph_AdjacencyList+CopyOnWrite.swift */,
			);
			path = Graph_AdjacencyList;
			sourceTree = "<group>";
		};
		0B5C5FDB290BC5C00069F765 /* Graph_AdjacencyMatrix */ = {
			isa = PBXGroup;
			children = (
				0B42EDDE2916AC4E00E03B8A /* Graph_AdjacencyMatrix._Storage.swift */,
				0B5C5FE4290BE1C50069F765 /* Graph_AdjacencyMatrix._Vertex.swift */,
				0B2B80A0290BF8DD00BCF031 /* Graph_AdjacencyMatrix+Invariants.swift */,
				0B2B80A8290C01C200BCF031 /* Graph_AdjacencyMatrix+CopyOnWrite.swift */,
			);
			path = Graph_AdjacencyMatrix;
			sourceTree = "<group>";
		};
		0BA76349292681900080BF75 /* Public */ = {
			isa = PBXGroup;
			children = (
				0B5C5FCD290B8AB90069F765 /* GraphEdge.swift */,
				0B5C5FCF290B8AD40069F765 /* Graph(Protocol).swift */,
				0B5C5FDC290BC6540069F765 /* Graph(Protocol)+Utils.swift */,
				0B2B80AC290C030A00BCF031 /* Graph(Protocol)+Traversal.swift */,
				0B2B80B6290C284500BCF031 /* Graph(Protocol)+Dijkstra.swift */,
				0B2B80B8290C285200BCF031 /* Graph(Protocol)+Prim.swift */,
				0BA7634B292682780080BF75 /* Graph_AdjacencyList */,
				0BA7634C292682A00080BF75 /* Graph_AdjacencyMatrix */,
			);
			path = Public;
			sourceTree = "<group>";
		};
		0BA7634A292681990080BF75 /* Internal */ = {
			isa = PBXGroup;
			children = (
				0B5C5FCB290B8AB00069F765 /* _GraphVertexProtocol(Protocol).swift */,
				0B5C5FDA290BC5AA0069F765 /* Graph_AdjacencyList */,
				0B5C5FDB290BC5C00069F765 /* Graph_AdjacencyMatrix */,
			);
			path = Internal;
			sourceTree = "<group>";
		};
		0BA7634B292682780080BF75 /* Graph_AdjacencyList */ = {
			isa = PBXGroup;
			children = (
				0B5C5FD2290B8B050069F765 /* Graph_AdjacencyList.swift */,
				0B5C5FEA290BE7400069F765 /* Graph_AdjacencyList.Vertex.swift */,
				0B2B80A2290C016D00BCF031 /* Graph_AdjacencyList+CustomStringConvertable.swift */,
			);
			path = Graph_AdjacencyList;
			sourceTree = "<group>";
		};
		0BA7634C292682A00080BF75 /* Graph_AdjacencyMatrix */ = {
			isa = PBXGroup;
			children = (
				0B5C5FD4290B8B140069F765 /* Graph_AdjacencyMatrix.swift */,
				0B5C5FEC290BE7DE0069F765 /* Graph_AdjacencyMatrix.Vertex.swift */,
				0B2B80A4290C018F00BCF031 /* Graph_AdjacencyMatrix+CustomStringConvertable.swift */,
			);
			path = Graph_AdjacencyMatrix;
			sourceTree = "<group>";
		};
/* End PBXGroup section */

/* Begin PBXHeadersBuildPhase section */
		0B5C5FB6290AE2800069F765 /* Headers */ = {
			isa = PBXHeadersBuildPhase;
			buildActionMask = 2147483647;
			files = (
				0B5C5FBF290AE2800069F765 /* Graph.h in Headers */,
			);
			runOnlyForDeploymentPostprocessing = 0;
		};
/* End PBXHeadersBuildPhase section */

/* Begin PBXNativeTarget section */
		0B5C5FBA290AE2800069F765 /* Graph */ = {
			isa = PBXNativeTarget;
			buildConfigurationList = 0B5C5FC2290AE2800069F765 /* Build configuration list for PBXNativeTarget "Graph" */;
			buildPhases = (
				0B5C5FB6290AE2800069F765 /* Headers */,
				0B5C5FB7290AE2800069F765 /* Sources */,
				0B5C5FB8290AE2800069F765 /* Frameworks */,
				0B5C5FB9290AE2800069F765 /* Resources */,
			);
			buildRules = (
			);
			dependencies = (
			);
			name = Graph;
			productName = Graph;
			productReference = 0B5C5FBB290AE2800069F765 /* Graph.framework */;
			productType = "com.apple.product-type.framework";
		};
/* End PBXNativeTarget section */

/* Begin PBXProject section */
		0B5C5FB2290AE2800069F765 /* Project object */ = {
			isa = PBXProject;
			attributes = {
				BuildIndependentTargetsInParallel = 1;
				LastUpgradeCheck = 1410;
				TargetAttributes = {
					0B5C5FBA290AE2800069F765 = {
						CreatedOnToolsVersion = 14.0.1;
						LastSwiftMigration = 1400;
					};
				};
			};
			buildConfigurationList = 0B5C5FB5290AE2800069F765 /* Build configuration list for PBXProject "Graph" */;
			compatibilityVersion = "Xcode 14.0";
			developmentRegion = en;
			hasScannedForEncodings = 0;
			knownRegions = (
				en,
				Base,
			);
			mainGroup = 0B5C5FB1290AE2800069F765;
			productRefGroup = 0B5C5FBC290AE2800069F765 /* Products */;
			projectDirPath = "";
			projectRoot = "";
			targets = (
				0B5C5FBA290AE2800069F765 /* Graph */,
			);
		};
/* End PBXProject section */

/* Begin PBXResourcesBuildPhase section */
		0B5C5FB9290AE2800069F765 /* Resources */ = {
			isa = PBXResourcesBuildPhase;
			buildActionMask = 2147483647;
			files = (
			);
			runOnlyForDeploymentPostprocessing = 0;
		};
/* End PBXResourcesBuildPhase section */

/* Begin PBXSourcesBuildPhase section */
		0B5C5FB7290AE2800069F765 /* Sources */ = {
			isa = PBXSourcesBuildPhase;
			buildActionMask = 2147483647;
			files = (
				0B2B80B7290C284500BCF031 /* Graph(Protocol)+Dijkstra.swift in Sources */,
				0B2B80AD290C030A00BCF031 /* Graph(Protocol)+Traversal.swift in Sources */,
				0B5C5FDD290BC6540069F765 /* Graph(Protocol)+Utils.swift in Sources */,
				0B42EDDD2916AB4C00E03B8A /* Graph_AdjacencyList._Storage.swift in Sources */,
				0B5C5FDF290BC6E60069F765 /* Graph_AdjacencyList._Vertex.swift in Sources */,
				0B42EDDF2916AC4E00E03B8A /* Graph_AdjacencyMatrix._Storage.swift in Sources */,
				0B2B80A1290BF8DD00BCF031 /* Graph_AdjacencyMatrix+Invariants.swift in Sources */,
				0B2B80A3290C016D00BCF031 /* Graph_AdjacencyList+CustomStringConvertable.swift in Sources */,
				0B5C5FD0290B8AD40069F765 /* Graph(Protocol).swift in Sources */,
				0B2B80A5290C018F00BCF031 /* Graph_AdjacencyMatrix+CustomStringConvertable.swift in Sources */,
				0B5C5FEB290BE7400069F765 /* Graph_AdjacencyList.Vertex.swift in Sources */,
				0B2B80A9290C01C200BCF031 /* Graph_AdjacencyMatrix+CopyOnWrite.swift in Sources */,
				0B2B80B9290C285200BCF031 /* Graph(Protocol)+Prim.swift in Sources */,
				0B5C5FCC290B8AB00069F765 /* _GraphVertexProtocol(Protocol).swift in Sources */,
				0B2B80A7290C01AC00BCF031 /* Graph_AdjacencyList+CopyOnWrite.swift in Sources */,
				0B5C5FCE290B8AB90069F765 /* GraphEdge.swift in Sources */,
				0B5C5FE5290BE1C50069F765 /* Graph_AdjacencyMatrix._Vertex.swift in Sources */,
				0B5C5FD5290B8B140069F765 /* Graph_AdjacencyMatrix.swift in Sources */,
				0B5C5FED290BE7DE0069F765 /* Graph_AdjacencyMatrix.Vertex.swift in Sources */,
				0B5C5FD3290B8B050069F765 /* Graph_AdjacencyList.swift in Sources */,
			);
			runOnlyForDeploymentPostprocessing = 0;
		};
/* End PBXSourcesBuildPhase section */

/* Begin XCBuildConfiguration section */
		0B5C5FC0290AE2800069F765 /* Debug */ = {
			isa = XCBuildConfiguration;
			buildSettings = {
				ALWAYS_SEARCH_USER_PATHS = NO;
				CLANG_ANALYZER_NONNULL = YES;
				CLANG_ANALYZER_NUMBER_OBJECT_CONVERSION = YES_AGGRESSIVE;
				CLANG_CXX_LANGUAGE_STANDARD = "gnu++20";
				CLANG_ENABLE_MODULES = YES;
				CLANG_ENABLE_OBJC_ARC = YES;
				CLANG_ENABLE_OBJC_WEAK = YES;
				CLANG_WARN_BLOCK_CAPTURE_AUTORELEASING = YES;
				CLANG_WARN_BOOL_CONVERSION = YES;
				CLANG_WARN_COMMA = YES;
				CLANG_WARN_CONSTANT_CONVERSION = YES;
				CLANG_WARN_DEPRECATED_OBJC_IMPLEMENTATIONS = YES;
				CLANG_WARN_DIRECT_OBJC_ISA_USAGE = YES_ERROR;
				CLANG_WARN_DOCUMENTATION_COMMENTS = YES;
				CLANG_WARN_EMPTY_BODY = YES;
				CLANG_WARN_ENUM_CONVERSION = YES;
				CLANG_WARN_INFINITE_RECURSION = YES;
				CLANG_WARN_INT_CONVERSION = YES;
				CLANG_WARN_NON_LITERAL_NULL_CONVERSION = YES;
				CLANG_WARN_OBJC_IMPLICIT_RETAIN_SELF = YES;
				CLANG_WARN_OBJC_LITERAL_CONVERSION = YES;
				CLANG_WARN_OBJC_ROOT_CLASS = YES_ERROR;
				CLANG_WARN_QUOTED_INCLUDE_IN_FRAMEWORK_HEADER = YES;
				CLANG_WARN_RANGE_LOOP_ANALYSIS = YES;
				CLANG_WARN_STRICT_PROTOTYPES = YES;
				CLANG_WARN_SUSPICIOUS_MOVE = YES;
				CLANG_WARN_UNGUARDED_AVAILABILITY = YES_AGGRESSIVE;
				CLANG_WARN_UNREACHABLE_CODE = YES;
				CLANG_WARN__DUPLICATE_METHOD_MATCH = YES;
				COPY_PHASE_STRIP = NO;
				CURRENT_PROJECT_VERSION = 1;
				DEAD_CODE_STRIPPING = YES;
				DEBUG_INFORMATION_FORMAT = dwarf;
				ENABLE_STRICT_OBJC_MSGSEND = YES;
				ENABLE_TESTABILITY = YES;
				GCC_C_LANGUAGE_STANDARD = gnu11;
				GCC_DYNAMIC_NO_PIC = NO;
				GCC_NO_COMMON_BLOCKS = YES;
				GCC_OPTIMIZATION_LEVEL = 0;
				GCC_PREPROCESSOR_DEFINITIONS = (
					"DEBUG=1",
					"$(inherited)",
				);
				GCC_WARN_64_TO_32_BIT_CONVERSION = YES;
				GCC_WARN_ABOUT_RETURN_TYPE = YES_ERROR;
				GCC_WARN_UNDECLARED_SELECTOR = YES;
				GCC_WARN_UNINITIALIZED_AUTOS = YES_AGGRESSIVE;
				GCC_WARN_UNUSED_FUNCTION = YES;
				GCC_WARN_UNUSED_VARIABLE = YES;
				MTL_ENABLE_DEBUG_INFO = INCLUDE_SOURCE;
				MTL_FAST_MATH = YES;
				ONLY_ACTIVE_ARCH = YES;
				SWIFT_ACTIVE_COMPILATION_CONDITIONS = DEBUG;
				SWIFT_OPTIMIZATION_LEVEL = "-Onone";
				VERSIONING_SYSTEM = "apple-generic";
				VERSION_INFO_PREFIX = "";
			};
			name = Debug;
		};
		0B5C5FC1290AE2800069F765 /* Release */ = {
			isa = XCBuildConfiguration;
			buildSettings = {
				ALWAYS_SEARCH_USER_PATHS = NO;
				CLANG_ANALYZER_NONNULL = YES;
				CLANG_ANALYZER_NUMBER_OBJECT_CONVERSION = YES_AGGRESSIVE;
				CLANG_CXX_LANGUAGE_STANDARD = "gnu++20";
				CLANG_ENABLE_MODULES = YES;
				CLANG_ENABLE_OBJC_ARC = YES;
				CLANG_ENABLE_OBJC_WEAK = YES;
				CLANG_WARN_BLOCK_CAPTURE_AUTORELEASING = YES;
				CLANG_WARN_BOOL_CONVERSION = YES;
				CLANG_WARN_COMMA = YES;
				CLANG_WARN_CONSTANT_CONVERSION = YES;
				CLANG_WARN_DEPRECATED_OBJC_IMPLEMENTATIONS = YES;
				CLANG_WARN_DIRECT_OBJC_ISA_USAGE = YES_ERROR;
				CLANG_WARN_DOCUMENTATION_COMMENTS = YES;
				CLANG_WARN_EMPTY_BODY = YES;
				CLANG_WARN_ENUM_CONVERSION = YES;
				CLANG_WARN_INFINITE_RECURSION = YES;
				CLANG_WARN_INT_CONVERSION = YES;
				CLANG_WARN_NON_LITERAL_NULL_CONVERSION = YES;
				CLANG_WARN_OBJC_IMPLICIT_RETAIN_SELF = YES;
				CLANG_WARN_OBJC_LITERAL_CONVERSION = YES;
				CLANG_WARN_OBJC_ROOT_CLASS = YES_ERROR;
				CLANG_WARN_QUOTED_INCLUDE_IN_FRAMEWORK_HEADER = YES;
				CLANG_WARN_RANGE_LOOP_ANALYSIS = YES;
				CLANG_WARN_STRICT_PROTOTYPES = YES;
				CLANG_WARN_SUSPICIOUS_MOVE = YES;
				CLANG_WARN_UNGUARDED_AVAILABILITY = YES_AGGRESSIVE;
				CLANG_WARN_UNREACHABLE_CODE = YES;
				CLANG_WARN__DUPLICATE_METHOD_MATCH = YES;
				COPY_PHASE_STRIP = NO;
				CURRENT_PROJECT_VERSION = 1;
				DEAD_CODE_STRIPPING = YES;
				DEBUG_INFORMATION_FORMAT = "dwarf-with-dsym";
				ENABLE_NS_ASSERTIONS = NO;
				ENABLE_STRICT_OBJC_MSGSEND = YES;
				GCC_C_LANGUAGE_STANDARD = gnu11;
				GCC_NO_COMMON_BLOCKS = YES;
				GCC_WARN_64_TO_32_BIT_CONVERSION = YES;
				GCC_WARN_ABOUT_RETURN_TYPE = YES_ERROR;
				GCC_WARN_UNDECLARED_SELECTOR = YES;
				GCC_WARN_UNINITIALIZED_AUTOS = YES_AGGRESSIVE;
				GCC_WARN_UNUSED_FUNCTION = YES;
				GCC_WARN_UNUSED_VARIABLE = YES;
				MTL_ENABLE_DEBUG_INFO = NO;
				MTL_FAST_MATH = YES;
				SWIFT_COMPILATION_MODE = wholemodule;
				SWIFT_OPTIMIZATION_LEVEL = "-O";
				VERSIONING_SYSTEM = "apple-generic";
				VERSION_INFO_PREFIX = "";
			};
			name = Release;
		};
		0B5C5FC3290AE2800069F765 /* Debug */ = {
			isa = XCBuildConfiguration;
			buildSettings = {
				CLANG_ENABLE_MODULES = YES;
				CODE_SIGN_STYLE = Automatic;
				CURRENT_PROJECT_VERSION = 1;
				DEAD_CODE_STRIPPING = YES;
				DEFINES_MODULE = YES;
				DEVELOPMENT_TEAM = KSQ28425AC;
				DYLIB_COMPATIBILITY_VERSION = 1;
				DYLIB_CURRENT_VERSION = 1;
				DYLIB_INSTALL_NAME_BASE = "@rpath";
				GENERATE_INFOPLIST_FILE = YES;
				INFOPLIST_KEY_NSHumanReadableCopyright = "";
				INSTALL_PATH = "$(LOCAL_LIBRARY_DIR)/Frameworks";
				IPHONEOS_DEPLOYMENT_TARGET = 16.0;
				LD_RUNPATH_SEARCH_PATHS = (
					"@executable_path/Frameworks",
					"@loader_path/Frameworks",
				);
				"LD_RUNPATH_SEARCH_PATHS[sdk=macosx*]" = (
					"@executable_path/../Frameworks",
					"@loader_path/Frameworks",
				);
				MACOSX_DEPLOYMENT_TARGET = 13.0;
				MARKETING_VERSION = 1.0;
				PRODUCT_BUNDLE_IDENTIFIER = com.songbaijun.Graph;
				PRODUCT_NAME = "$(TARGET_NAME:c99extidentifier)";
				SDKROOT = auto;
				SKIP_INSTALL = YES;
				SUPPORTED_PLATFORMS = "iphoneos iphonesimulator macosx";
				SWIFT_EMIT_LOC_STRINGS = YES;
				SWIFT_OPTIMIZATION_LEVEL = "-Onone";
				SWIFT_VERSION = 5.0;
				TARGETED_DEVICE_FAMILY = "1,2";
			};
			name = Debug;
		};
		0B5C5FC4290AE2800069F765 /* Release */ = {
			isa = XCBuildConfiguration;
			buildSettings = {
				CLANG_ENABLE_MODULES = YES;
				CODE_SIGN_STYLE = Automatic;
				CURRENT_PROJECT_VERSION = 1;
				DEAD_CODE_STRIPPING = YES;
				DEFINES_MODULE = YES;
				DEVELOPMENT_TEAM = KSQ28425AC;
				DYLIB_COMPATIBILITY_VERSION = 1;
				DYLIB_CURRENT_VERSION = 1;
				DYLIB_INSTALL_NAME_BASE = "@rpath";
				GENERATE_INFOPLIST_FILE = YES;
				INFOPLIST_KEY_NSHumanReadableCopyright = "";
				INSTALL_PATH = "$(LOCAL_LIBRARY_DIR)/Frameworks";
				IPHONEOS_DEPLOYMENT_TARGET = 16.0;
				LD_RUNPATH_SEARCH_PATHS = (
					"@executable_path/Frameworks",
					"@loader_path/Frameworks",
				);
				"LD_RUNPATH_SEARCH_PATHS[sdk=macosx*]" = (
					"@executable_path/../Frameworks",
					"@loader_path/Frameworks",
				);
				MACOSX_DEPLOYMENT_TARGET = 13.0;
				MARKETING_VERSION = 1.0;
				PRODUCT_BUNDLE_IDENTIFIER = com.songbaijun.Graph;
				PRODUCT_NAME = "$(TARGET_NAME:c99extidentifier)";
				SDKROOT = auto;
				SKIP_INSTALL = YES;
				SUPPORTED_PLATFORMS = "iphoneos iphonesimulator macosx";
				SWIFT_EMIT_LOC_STRINGS = YES;
				SWIFT_VERSION = 5.0;
				TARGETED_DEVICE_FAMILY = "1,2";
			};
			name = Release;
		};
/* End XCBuildConfiguration section */

/* Begin XCConfigurationList section */
		0B5C5FB5290AE2800069F765 /* Build configuration list for PBXProject "Graph" */ = {
			isa = XCConfigurationList;
			buildConfigurations = (
				0B5C5FC0290AE2800069F765 /* Debug */,
				0B5C5FC1290AE2800069F765 /* Release */,
			);
			defaultConfigurationIsVisible = 0;
			defaultConfigurationName = Release;
		};
		0B5C5FC2290AE2800069F765 /* Build configuration list for PBXNativeTarget "Graph" */ = {
			isa = XCConfigurationList;
			buildConfigurations = (
				0B5C5FC3290AE2800069F765 /* Debug */,
				0B5C5FC4290AE2800069F765 /* Release */,
			);
			defaultConfigurationIsVisible = 0;
			defaultConfigurationName = Release;
		};
/* End XCConfigurationList section */
	};
	rootObject = 0B5C5FB2290AE2800069F765 /* Project object */;
}
